
Microsoft Visual Studio Solution File, Format Version 12.00
# Visual Studio Version 16
VisualStudioVersion = 16.0.34031.81
MinimumVisualStudioVersion = 10.0.40219.1
Project("{FAE04EC0-301F-11D3-BF4B-00C04F79EFBC}") = "LoginPage", "LoginPage\LoginPage.csproj", "{51CD81D1-4440-4010-9CB4-7EBD671459C6}"
EndProject
Global
	GlobalSection(SolutionConfigurationPlatforms) = preSolution
		Debug|Any CPU = Debug|Any CPU
		Release|Any CPU = Release|Any CPU
	EndGlobalSection
	GlobalSection(ProjectConfigurationPlatforms) = postSolution
		{51CD81D1-4440-4010-9CB4-7EBD671459C6}.Debug|Any CPU.ActiveCfg = Debug|Any CPU
		{51CD81D1-4440-4010-9CB4-7EBD671459C6}.Debug|Any CPU.Build.0 = Debug|Any CPU
		{51CD81D1-4440-4010-9CB4-7EBD671459C6}.Release|Any CPU.ActiveCfg = Release|Any CPU
		{51CD81D1-4440-4010-9CB4-7EBD671459C6}.Release|Any CPU.Build.0 = Release|Any CPU
	EndGlobalSection
	GlobalSection(SolutionProperties) = preSolution
		HideSolutionNode = FALSE
	EndGlobalSection
	GlobalSection(ExtensibilityGlobals) = postSolution
		SolutionGuid = {0807A8CA-384C-458D-9972-C2519D972598}
	EndGlobalSection
EndGlobal
